
Microsoft Visual Studio Solution File, Format Version 12.00
# Visual Studio Version 16
VisualStudioVersion = 16.0.32510.428
MinimumVisualStudioVersion = 10.0.40219.1
Project("{8BC9CEB8-8B4A-11D0-8D11-00A0C91BC942}") = "BigNumberTest", "BigNumberTest\BigNumberTest.vcxproj", "{08A64142-31F4-46E3-8F80-4FD876940F0A}"
EndProject
Global
	GlobalSection(SolutionConfigurationPlatforms) = preSolution
		Debug|x64 = Debug|x64
		Debug|x86 = Debug|x86
		Release|x64 = Release|x64
		Release|x86 = Release|x86
	EndGlobalSection
	GlobalSection(ProjectConfigurationPlatforms) = postSolution
		{08A64142-31F4-46E3-8F80-4FD876940F0A}.Debug|x64.ActiveCfg = Debug|x64
		{08A64142-31F4-46E3-8F80-4FD876940F0A}.Debug|x64.Build.0 = Debug|x64
		{08A64142-31F4-46E3-8F80-4FD876940F0A}.Debug|x86.ActiveCfg = Debug|Win32
		{08A64142-31F4-46E3-8F80-4FD876940F0A}.Debug|x86.Build.0 = Debug|Win32
		{08A64142-31F4-46E3-8F80-4FD876940F0A}.Release|x64.ActiveCfg = Release|x64
		{08A64142-31F4-46E3-8F80-4FD876940F0A}.Release|x64.Build.0 = Release|x64
		{08A64142-31F4-46E3-8F80-4FD876940F0A}.Release|x86.ActiveCfg = Release|Win32
		{08A64142-31F4-46E3-8F80-4FD876940F0A}.Release|x86.Build.0 = Release|Win32
	EndGlobalSection
	GlobalSection(SolutionProperties) = preSolution
		HideSolutionNode = FALSE
	EndGlobalSection
	GlobalSection(ExtensibilityGlobals) = postSolution
		SolutionGuid = {85F6104B-1489-41A2-8CD0-65BC91AC7854}
	EndGlobalSection
EndGlobal
